
Microsoft Visual Studio Solution File, Format Version 12.00
# Visual Studio Version 16
VisualStudioVersion = 16.0.29102.190
MinimumVisualStudioVersion = 10.0.40219.1
Project("{FAE04EC0-301F-11D3-BF4B-00C04F79EFBC}") = "FirstMVCCore", "FirstMVCCore\FirstMVCCore.csproj", "{C71BEE41-412B-48E4-B7EC-D865AE1B4F2D}"
EndProject
Global
	GlobalSection(SolutionConfigurationPlatforms) = preSolution
		Debug|Any CPU = Debug|Any CPU
		Release|Any CPU = Release|Any CPU
	EndGlobalSection
	GlobalSection(ProjectConfigurationPlatforms) = postSolution
		{C71BEE41-412B-48E4-B7EC-D865AE1B4F2D}.Debug|Any CPU.ActiveCfg = Debug|Any CPU
		{C71BEE41-412B-48E4-B7EC-D865AE1B4F2D}.Debug|Any CPU.Build.0 = Debug|Any CPU
		{C71BEE41-412B-48E4-B7EC-D865AE1B4F2D}.Release|Any CPU.ActiveCfg = Release|Any CPU
		{C71BEE41-412B-48E4-B7EC-D865AE1B4F2D}.Release|Any CPU.Build.0 = Release|Any CPU
	EndGlobalSection
	GlobalSection(SolutionProperties) = preSolution
		HideSolutionNode = FALSE
	EndGlobalSection
	GlobalSection(ExtensibilityGlobals) = postSolution
		SolutionGuid = {835CA227-DDDD-4EB7-B901-EF9F02B9C715}
	EndGlobalSection
EndGlobal
